lockfileVersion: 5.4

specifiers:
  '@headlessui/react': ^1.7.2
  '@types/react': ^18.0.21
  react: ^18.2.0
  react-dom: ^18.2.0
  react-icons: ^4.4.0
  react-swipeable: ^7.0.0

dependencies:
  '@headlessui/react': 1.7.2_biqbaboplfbrettd7655fr4n2y
  react: 18.2.0
  react-dom: 18.2.0_react@18.2.0
  react-icons: 4.4.0_react@18.2.0
  react-swipeable: 7.0.0_react@18.2.0

devDependencies:
  '@types/react': 18.0.21

packages:

  /@headlessui/react/1.7.2_biqbaboplfbrettd7655fr4n2y:
    resolution: {integrity: sha512-snLv2lxwsf2HNTOBNgHYdvoYZ3ChJE8QszPi1d/hl9js8KrFrUulTaQBfSyPbJP5BybVreWh9DxCgz9S0Z6hKQ==}
    engines: {node: '>=10'}
    peerDependencies:
      react: ^16 || ^17 || ^18
      react-dom: ^16 || ^17 || ^18
    dependencies:
      react: 18.2.0
      react-dom: 18.2.0_react@18.2.0
    dev: false

  /@types/prop-types/15.7.5:
    resolution: {integrity: sha512-JCB8C6SnDoQf0cNycqd/35A7MjcnK+ZTqE7judS6o7utxUCg6imJg3QK2qzHKszlTjcj2cn+NwMB2i96ubpj7w==}
    dev: true

  /@types/react/18.0.21:
    resolution: {integrity: sha512-7QUCOxvFgnD5Jk8ZKlUAhVcRj7GuJRjnjjiY/IUBWKgOlnvDvTMLD4RTF7NPyVmbRhNrbomZiOepg7M/2Kj1mA==}
    dependencies:
      '@types/prop-types': 15.7.5
      '@types/scheduler': 0.16.2
      csstype: 3.1.1
    dev: true

  /@types/scheduler/0.16.2:
    resolution: {integrity: sha512-hppQEBDmlwhFAXKJX2KnWLYu5yMfi91yazPb2l+lbJiwW+wdo1gNeRA+3RgNSO39WYX2euey41KEwnqesU2Jew==}
    dev: true

  /csstype/3.1.1:
    resolution: {integrity: sha512-DJR/VvkAvSZW9bTouZue2sSxDwdTN92uHjqeKVm+0dAqdfNykRzQ95tay8aXMBAAPpUiq4Qcug2L7neoRh2Egw==}
    dev: true

  /js-tokens/4.0.0:
    resolution: {integrity: sha512-RdJUflcE3cUzKiMqQgsCu06FPu9UdIJO0beYbPhHN4k6apgJtifcoCtT9bcxOpYBtpD2kCM6Sbzg4CausW/PKQ==}
    dev: false

  /loose-envify/1.4.0:
    resolution: {integrity: sha512-lyuxPGr/Wfhrlem2CL/UcnUc1zcqKAImBDzukY7Y5F/yQiNdko6+fRLevlw1HgMySw7f611UIY408EtxRSoK3Q==}
    hasBin: true
    dependencies:
      js-tokens: 4.0.0
    dev: false

  /react-dom/18.2.0_react@18.2.0:
    resolution: {integrity: sha512-6IMTriUmvsjHUjNtEDudZfuDQUoWXVxKHhlEGSk81n4YFS+r/Kl99wXiwlVXtPBtJenozv2P+hxDsw9eA7Xo6g==}
    peerDependencies:
      react: ^18.2.0
    dependencies:
      loose-envify: 1.4.0
      react: 18.2.0
      scheduler: 0.23.0
    dev: false

  /react-icons/4.4.0_react@18.2.0:
    resolution: {integrity: sha512-fSbvHeVYo/B5/L4VhB7sBA1i2tS8MkT0Hb9t2H1AVPkwGfVHLJCqyr2Py9dKMxsyM63Eng1GkdZfbWj+Fmv8Rg==}
    peerDependencies:
      react: '*'
    dependencies:
      react: 18.2.0
    dev: false

  /react-swipeable/7.0.0_react@18.2.0:
    resolution: {integrity: sha512-NI7KGfQ6gwNFN0Hor3vytYW3iRfMMaivGEuxcADOOfBCx/kqwXE8IfHFxEcxSUkxCYf38COLKYd9EMYZghqaUA==}
    peerDependencies:
      react: ^16.8.3 || ^17 || ^18
    dependencies:
      react: 18.2.0
    dev: false

  /react/18.2.0:
    resolution: {integrity: sha512-/3IjMdb2L9QbBdWiW5e3P2/npwMBaU9mHCSCUzNln0ZCYbcfTsGbTJrU/kGemdH2IWmB2ioZ+zkxtmq6g09fGQ==}
    engines: {node: '>=0.10.0'}
    dependencies:
      loose-envify: 1.4.0
    dev: false

  /scheduler/0.23.0:
    resolution: {integrity: sha512-CtuThmgHNg7zIZWAXi3AsyIzA3n4xx7aNyjwC2VJldO2LMVDhFK+63xGqq6CsJH4rTAt6/M+N4GhZiDYPx9eUw==}
    dependencies:
      loose-envify: 1.4.0
    dev: false
